
Microsoft Visual Studio Solution File, Format Version 12.00
# Visual Studio Version 17
VisualStudioVersion = 17.9.34902.65
MinimumVisualStudioVersion = 10.0.40219.1
Project("{9A19103F-16F7-4668-BE54-9A1E7A4F7556}") = "AutomobiliuNuoma", "AutomobiliuNuoma\AutomobiliuNuoma.csproj", "{016A72D4-053F-49B3-8D7D-A5F0AC246E26}"
EndProject
Project("{9A19103F-16F7-4668-BE54-9A1E7A4F7556}") = "AutoNuomaWeb", "AutoNuomaWeb\AutoNuomaWeb.csproj", "{0A1C024C-169A-4EEE-88F1-804C2DAB8482}"
EndProject
Project("{9A19103F-16F7-4668-BE54-9A1E7A4F7556}") = "AutoNuomaFrontEnd", "AutoNuomaFrontEnd\AutoNuomaFrontEnd.csproj", "{284B8027-11A4-420D-BF35-692950753FAA}"
EndProject
Global
	GlobalSection(SolutionConfigurationPlatforms) = preSolution
		Debug|Any CPU = Debug|Any CPU
		Release|Any CPU = Release|Any CPU
	EndGlobalSection
	GlobalSection(ProjectConfigurationPlatforms) = postSolution
		{016A72D4-053F-49B3-8D7D-A5F0AC246E26}.Debug|Any CPU.ActiveCfg = Debug|Any CPU
		{016A72D4-053F-49B3-8D7D-A5F0AC246E26}.Debug|Any CPU.Build.0 = Debug|Any CPU
		{016A72D4-053F-49B3-8D7D-A5F0AC246E26}.Release|Any CPU.ActiveCfg = Release|Any CPU
		{016A72D4-053F-49B3-8D7D-A5F0AC246E26}.Release|Any CPU.Build.0 = Release|Any CPU
		{0A1C024C-169A-4EEE-88F1-804C2DAB8482}.Debug|Any CPU.ActiveCfg = Debug|Any CPU
		{0A1C024C-169A-4EEE-88F1-804C2DAB8482}.Debug|Any CPU.Build.0 = Debug|Any CPU
		{0A1C024C-169A-4EEE-88F1-804C2DAB8482}.Release|Any CPU.ActiveCfg = Release|Any CPU
		{0A1C024C-169A-4EEE-88F1-804C2DAB8482}.Release|Any CPU.Build.0 = Release|Any CPU
		{284B8027-11A4-420D-BF35-692950753FAA}.Debug|Any CPU.ActiveCfg = Debug|Any CPU
		{284B8027-11A4-420D-BF35-692950753FAA}.Debug|Any CPU.Build.0 = Debug|Any CPU
		{284B8027-11A4-420D-BF35-692950753FAA}.Release|Any CPU.ActiveCfg = Release|Any CPU
		{284B8027-11A4-420D-BF35-692950753FAA}.Release|Any CPU.Build.0 = Release|Any CPU
	EndGlobalSection
	GlobalSection(SolutionProperties) = preSolution
		HideSolutionNode = FALSE
	EndGlobalSection
	GlobalSection(ExtensibilityGlobals) = postSolution
		SolutionGuid = {BED1FB5A-E67C-40E7-A37E-7D16F178743D}
	EndGlobalSection
EndGlobal
